
Microsoft Visual Studio Solution File, Format Version 12.00
# Visual Studio 15
VisualStudioVersion = 15.0.28307.438
MinimumVisualStudioVersion = 10.0.40219.1
Project("{8BC9CEB8-8B4A-11D0-8D11-00A0C91BC942}") = "siwon", "siwon.vcxproj", "{C9EBBC81-5D37-4ECD-ADC6-F48C53939073}"
EndProject
Global
	GlobalSection(SolutionConfigurationPlatforms) = preSolution
		Debug|x64 = Debug|x64
		Debug|x86 = Debug|x86
		Release|x64 = Release|x64
		Release|x86 = Release|x86
	EndGlobalSection
	GlobalSection(ProjectConfigurationPlatforms) = postSolution
		{C9EBBC81-5D37-4ECD-ADC6-F48C53939073}.Debug|x64.ActiveCfg = Debug|x64
		{C9EBBC81-5D37-4ECD-ADC6-F48C53939073}.Debug|x64.Build.0 = Debug|x64
		{C9EBBC81-5D37-4ECD-ADC6-F48C53939073}.Debug|x86.ActiveCfg = Debug|Win32
		{C9EBBC81-5D37-4ECD-ADC6-F48C53939073}.Debug|x86.Build.0 = Debug|Win32
		{C9EBBC81-5D37-4ECD-ADC6-F48C53939073}.Release|x64.ActiveCfg = Release|x64
		{C9EBBC81-5D37-4ECD-ADC6-F48C53939073}.Release|x64.Build.0 = Release|x64
		{C9EBBC81-5D37-4ECD-ADC6-F48C53939073}.Release|x86.ActiveCfg = Release|Win32
		{C9EBBC81-5D37-4ECD-ADC6-F48C53939073}.Release|x86.Build.0 = Release|Win32
	EndGlobalSection
	GlobalSection(SolutionProperties) = preSolution
		HideSolutionNode = FALSE
	EndGlobalSection
	GlobalSection(ExtensibilityGlobals) = postSolution
		SolutionGuid = {F1435F5A-0151-4038-AE53-B6C50D868EBD}
	EndGlobalSection
EndGlobal
